SITE
  remote: http://community.opscode.com/api/v1
  specs:
    apt (1.5.0)
    aws (0.100.2)
    build-essential (1.2.0)
    cloudfoundry (1.0.0)
      apt (>= 0.0.0)
      logrotate (>= 0.0.0)
      rbenv (>= 0.0.0)
    cloudfoundry-cloud_controller (1.0.0)
      cloudfoundry (>= 0.0.0)
      database (>= 0.0.0)
      nginx (>= 0.0.0)
      postgresql (>= 0.0.0)
      rbenv (>= 0.0.0)
    cloudfoundry-ruby-runtime (1.0.0)
      cloudfoundry (>= 0.0.0)
      rbenv (>= 0.0.0)
    database (1.3.6)
      aws (>= 0.0.0)
      mysql (>= 1.3.0)
      postgresql (>= 1.0.0)
      xfs (>= 0.0.0)
    dmg (1.0.0)
    git (2.0.0)
      build-essential (>= 0.0.0)
      dmg (>= 0.0.0)
      runit (>= 0.0.0)
      yum (>= 0.0.0)
    logrotate (1.0.2)
    mysql (2.0.2)
      build-essential (>= 0.0.0)
      openssl (>= 0.0.0)
    nats (1.0.0)
      cloudfoundry (>= 0.0.0)
      rbenv (>= 0.0.0)
    nginx (1.1.0)
      build-essential (>= 0.0.0)
      ohai (>= 1.1.0)
    ohai (1.1.2)
    openssl (1.0.0)
    postgresql (2.0.0)
      openssl (>= 0.0.0)
    rbenv (1.4.1)
      git (>= 0.0.0)
      ohai (>= 1.1)
    redisio (1.1.0)
    runit (0.16.0)
    xfs (1.0.0)
    yum (2.0.2)

GIT
  remote: https://github.com/andreacampi/cloudfoundry-nginx-cookbook.git
  ref: master
  sha: a522de436a9bebf63a8c932df715171a08df4e58
  specs:
    cloudfoundry-nginx (0.101.6)
      cloudfoundry (>= 0.0.0)
      nginx (>= 0.0.0)

GIT
  remote: https://github.com/andreacampi/cloudfoundry-router-cookbook.git
  ref: master
  sha: f1fca97dfa83600e78cf62bdc6da1b9650579227
  specs:
    cloudfoundry-router (0.0.1)
      cloudfoundry (>= 0.0.0)
      cloudfoundry-nginx (>= 0.0.0)

GIT
  remote: https://github.com/zephirworks/cloudfoundry-dea-cookbook.git
  ref: master
  sha: 2dddd2b8465092bc761e328eefce776b685c9efa
  specs:
    cloudfoundry-dea (0.99.1)
      cloudfoundry (>= 0.0.0)

GIT
  remote: https://github.com/zephirworks/cloudfoundry-stager-cookbook.git
  ref: master
  sha: 72bdb2f2b0cfe27e530273f175aca46d8a96741d
  specs:
    cloudfoundry-stager (0.99.0)
      cloudfoundry (>= 0.0.0)
      rbenv (>= 0.0.0)

PATH
  remote: /Users/andrea/github/cf-cookbooks/cloudfoundry-health_manager
  specs:
    cloudfoundry-health_manager (0.99.0)
      cloudfoundry (>= 0.0.0)
      cloudfoundry-cloud_controller (>= 0.0.0)
      rbenv (>= 0.0.0)

PATH
  remote: /Users/andrea/github/cf-cookbooks/cloudfoundry-health_manager
  specs:
    cloudfoundry-health_manager (0.99.0)
      cloudfoundry (>= 0.0.0)
      cloudfoundry-cloud_controller (>= 0.0.0)
      rbenv (>= 0.0.0)

DEPENDENCIES
  cloudfoundry (>= 0)
  cloudfoundry-cloud_controller (>= 0)
  cloudfoundry-dea (>= 0)
  cloudfoundry-health_manager (>= 0)
  cloudfoundry-nginx (>= 0)
  cloudfoundry-router (>= 0)
  cloudfoundry-ruby-runtime (>= 0)
  cloudfoundry-stager (>= 0)
  nats (>= 0)
  postgresql (>= 0)
  redisio (>= 0)

